
Microsoft Visual Studio Solution File, Format Version 12.00
Project("{FAE04EC0-301F-11D3-BF4B-00C04F79EFBC}") = "DesignPattern.Command", "DesignPattern.Command\DesignPattern.Command.csproj", "{AFA5B8BA-765B-4E94-9482-748A5E840DA7}"
EndProject
Project("{FAE04EC0-301F-11D3-BF4B-00C04F79EFBC}") = "DesignPattern.Singleton", "DesignPattern.Singleton\DesignPattern.Singleton.csproj", "{CE9F6B1B-A69B-4987-AADF-4E9A9DC861FA}"
EndProject
Global
	GlobalSection(SolutionConfigurationPlatforms) = preSolution
		Debug|Any CPU = Debug|Any CPU
		Release|Any CPU = Release|Any CPU
	EndGlobalSection
	GlobalSection(ProjectConfigurationPlatforms) = postSolution
		{AFA5B8BA-765B-4E94-9482-748A5E840DA7}.Debug|Any CPU.ActiveCfg = Debug|Any CPU
		{AFA5B8BA-765B-4E94-9482-748A5E840DA7}.Debug|Any CPU.Build.0 = Debug|Any CPU
		{AFA5B8BA-765B-4E94-9482-748A5E840DA7}.Release|Any CPU.ActiveCfg = Release|Any CPU
		{AFA5B8BA-765B-4E94-9482-748A5E840DA7}.Release|Any CPU.Build.0 = Release|Any CPU
		{CE9F6B1B-A69B-4987-AADF-4E9A9DC861FA}.Debug|Any CPU.ActiveCfg = Debug|Any CPU
		{CE9F6B1B-A69B-4987-AADF-4E9A9DC861FA}.Debug|Any CPU.Build.0 = Debug|Any CPU
		{CE9F6B1B-A69B-4987-AADF-4E9A9DC861FA}.Release|Any CPU.ActiveCfg = Release|Any CPU
		{CE9F6B1B-A69B-4987-AADF-4E9A9DC861FA}.Release|Any CPU.Build.0 = Release|Any CPU
	EndGlobalSection
	GlobalSection(NestedProjects) = preSolution
	EndGlobalSection
EndGlobal
