
Microsoft Visual Studio Solution File, Format Version 12.00
Project("{FAE04EC0-301F-11D3-BF4B-00C04F79EFBC}") = "DesignPattern.Command", "DesignPattern.Command\DesignPattern.Command.csproj", "{AFA5B8BA-765B-4E94-9482-748A5E840DA7}"
EndProject
Project("{FAE04EC0-301F-11D3-BF4B-00C04F79EFBC}") = "DesignPattern.Singleton", "DesignPattern.Singleton\DesignPattern.Singleton.csproj", "{CE9F6B1B-A69B-4987-AADF-4E9A9DC861FA}"
EndProject
Project("{FAE04EC0-301F-11D3-BF4B-00C04F79EFBC}") = "DesignPattern.Adapter", "DesignPattern.Adapter\DesignPattern.Adapter.csproj", "{82144926-F1EE-4F2E-A970-C865E194346E}"
EndProject
Project("{FAE04EC0-301F-11D3-BF4B-00C04F79EFBC}") = "DesignPattern.Strategy", "DesignPattern.Strategy\DesignPattern.Strategy.csproj", "{2ED0D3BC-D9C1-484F-B41C-2561A2E28ABC}"
EndProject
Project("{FAE04EC0-301F-11D3-BF4B-00C04F79EFBC}") = "DesignPattern.Prototype", "DesignPattern.Prototype\DesignPattern.Prototype.csproj", "{471E7BF5-4E5E-4B8D-A79F-628569145191}"
EndProject
Global
	GlobalSection(SolutionConfigurationPlatforms) = preSolution
		Debug|Any CPU = Debug|Any CPU
		Release|Any CPU = Release|Any CPU
	EndGlobalSection
	GlobalSection(ProjectConfigurationPlatforms) = postSolution
		{AFA5B8BA-765B-4E94-9482-748A5E840DA7}.Debug|Any CPU.ActiveCfg = Debug|Any CPU
		{AFA5B8BA-765B-4E94-9482-748A5E840DA7}.Debug|Any CPU.Build.0 = Debug|Any CPU
		{AFA5B8BA-765B-4E94-9482-748A5E840DA7}.Release|Any CPU.ActiveCfg = Release|Any CPU
		{AFA5B8BA-765B-4E94-9482-748A5E840DA7}.Release|Any CPU.Build.0 = Release|Any CPU
		{CE9F6B1B-A69B-4987-AADF-4E9A9DC861FA}.Debug|Any CPU.ActiveCfg = Debug|Any CPU
		{CE9F6B1B-A69B-4987-AADF-4E9A9DC861FA}.Debug|Any CPU.Build.0 = Debug|Any CPU
		{CE9F6B1B-A69B-4987-AADF-4E9A9DC861FA}.Release|Any CPU.ActiveCfg = Release|Any CPU
		{CE9F6B1B-A69B-4987-AADF-4E9A9DC861FA}.Release|Any CPU.Build.0 = Release|Any CPU
		{82144926-F1EE-4F2E-A970-C865E194346E}.Debug|Any CPU.ActiveCfg = Debug|Any CPU
		{82144926-F1EE-4F2E-A970-C865E194346E}.Debug|Any CPU.Build.0 = Debug|Any CPU
		{82144926-F1EE-4F2E-A970-C865E194346E}.Release|Any CPU.ActiveCfg = Release|Any CPU
		{82144926-F1EE-4F2E-A970-C865E194346E}.Release|Any CPU.Build.0 = Release|Any CPU
		{2ED0D3BC-D9C1-484F-B41C-2561A2E28ABC}.Debug|Any CPU.ActiveCfg = Debug|Any CPU
		{2ED0D3BC-D9C1-484F-B41C-2561A2E28ABC}.Debug|Any CPU.Build.0 = Debug|Any CPU
		{2ED0D3BC-D9C1-484F-B41C-2561A2E28ABC}.Release|Any CPU.ActiveCfg = Release|Any CPU
		{2ED0D3BC-D9C1-484F-B41C-2561A2E28ABC}.Release|Any CPU.Build.0 = Release|Any CPU
		{471E7BF5-4E5E-4B8D-A79F-628569145191}.Debug|Any CPU.ActiveCfg = Debug|Any CPU
		{471E7BF5-4E5E-4B8D-A79F-628569145191}.Debug|Any CPU.Build.0 = Debug|Any CPU
		{471E7BF5-4E5E-4B8D-A79F-628569145191}.Release|Any CPU.ActiveCfg = Release|Any CPU
		{471E7BF5-4E5E-4B8D-A79F-628569145191}.Release|Any CPU.Build.0 = Release|Any CPU
	EndGlobalSection
	GlobalSection(NestedProjects) = preSolution
	EndGlobalSection
EndGlobal
